
Microsoft Visual Studio Solution File, Format Version 12.00
# Visual Studio Version 17
VisualStudioVersion = 17.14.36127.28 d17.14
MinimumVisualStudioVersion = 10.0.40219.1
Project("{FAE04EC0-301F-11D3-BF4B-00C04F79EFBC}") = "Dsw2025Ej14.Api", "Dsw2025Ej14.Api\Dsw2025Ej14.Api.csproj", "{8F9F4601-99BA-4C17-A4FF-CA1AE805A87E}"
EndProject
Global
	GlobalSection(SolutionConfigurationPlatforms) = preSolution
		Debug|Any CPU = Debug|Any CPU
		Release|Any CPU = Release|Any CPU
	EndGlobalSection
	GlobalSection(ProjectConfigurationPlatforms) = postSolution
		{8F9F4601-99BA-4C17-A4FF-CA1AE805A87E}.Debug|Any CPU.ActiveCfg = Debug|Any CPU
		{8F9F4601-99BA-4C17-A4FF-CA1AE805A87E}.Debug|Any CPU.Build.0 = Debug|Any CPU
		{8F9F4601-99BA-4C17-A4FF-CA1AE805A87E}.Release|Any CPU.ActiveCfg = Release|Any CPU
		{8F9F4601-99BA-4C17-A4FF-CA1AE805A87E}.Release|Any CPU.Build.0 = Release|Any CPU
	EndGlobalSection
	GlobalSection(SolutionProperties) = preSolution
		HideSolutionNode = FALSE
	EndGlobalSection
	GlobalSection(ExtensibilityGlobals) = postSolution
		SolutionGuid = {834D89C9-A797-4CA7-BF42-DB83FE59BD82}
	EndGlobalSection
EndGlobal
